{
  "requires": true,
  "lockfileVersion": 1,
  "dependencies": {
    "@binance-chain/bsc-connector": {
      "version": "1.0.0",
      "resolved": "https://registry.npmjs.org/@binance-chain/bsc-connector/-/bsc-connector-1.0.0.tgz",
      "integrity": "sha512-Id/P/Zs8Cgg+fJv3XN3BVWZB3Pj+VA00flhpkB6K+vUzjMihS+sZFrMYDnjiRfrJgi0ppEMqRsMlOli9+qwxaA==",
      "requires": {
        "@web3-react/abstract-connector": "^6.0.7",
        "@web3-react/types": "^6.0.7",
        "tiny-warning": "^1.0.3"
      }
    },
    "@web3-react/abstract-connector": {
      "version": "6.0.7",
      "resolved": "https://registry.npmjs.org/@web3-react/abstract-connector/-/abstract-connector-6.0.7.tgz",
      "integrity": "sha512-RhQasA4Ox8CxUC0OENc1AJJm8UTybu/oOCM61Zjg6y0iF7Z0sqv1Ai1VdhC33hrQpA8qSBgoXN9PaP8jKmtdqg==",
      "requires": {
        "@web3-react/types": "^6.0.7"
      }
    },
    "@web3-react/types": {
      "version": "6.0.7",
      "resolved": "https://registry.npmjs.org/@web3-react/types/-/types-6.0.7.tgz",
      "integrity": "sha512-ofGmfDhxmNT1/P/MgVa8IKSkCStFiyvXe+U5tyZurKdrtTDFU+wJ/LxClPDtFerWpczNFPUSrKcuhfPX1sI6+A=="
    },
    "bignumber.js": {
      "version": "9.0.1",
      "resolved": "https://registry.npmjs.org/bignumber.js/-/bignumber.js-9.0.1.tgz",
      "integrity": "sha512-IdZR9mh6ahOBv/hYGiXyVuyCetmGJhtYkqLBpTStdhEGjegpPlUawydyaF3pbIOFynJTpllEs+NP+CS9jKFLjA=="
    },
    "tiny-warning": {
      "version": "1.0.3",
      "resolved": "https://registry.npmjs.org/tiny-warning/-/tiny-warning-1.0.3.tgz",
      "integrity": "sha512-lBN9zLN/oAf68o3zNXYrdCt1kP8WsiGW8Oo2ka41b2IM5JL/S1CTyX1rW0mb/zSuJun0ZUrDxx4sqvYS2FWzPA=="
    }
  }
}
